
Microsoft Visual Studio Solution File, Format Version 12.00
# Visual Studio 15
VisualStudioVersion = 15.0.26730.3
MinimumVisualStudioVersion = 10.0.40219.1
Project("{FAE04EC0-301F-11D3-BF4B-00C04F79EFBC}") = "WineStoreWeb", "WineStoreWeb\WineStoreWeb.csproj", "{BE861A6D-5FE1-4227-B03E-C794FB7D485A}"
EndProject
Project("{E53339B2-1760-4266-BCC7-CA923CBCF16C}") = "docker-compose", "docker-compose.dcproj", "{B709E54A-795C-464A-8E77-EF512E870314}"
EndProject
Project("{FAE04EC0-301F-11D3-BF4B-00C04F79EFBC}") = "WineStoreApi", "WineStoreApi\WineStoreApi.csproj", "{4CBB868B-07AA-4ED9-B5D0-CD562E22E85B}"
EndProject
Project("{FAE04EC0-301F-11D3-BF4B-00C04F79EFBC}") = "WineStoreInventory", "WineStoreInventory\WineStoreInventory.csproj", "{63B93678-E86F-4AA5-9485-221C40DAB654}"
EndProject
Project("{FAE04EC0-301F-11D3-BF4B-00C04F79EFBC}") = "WineStoreTrolley", "WineStoreTrolley\WineStoreTrolley.csproj", "{AA5FBC94-EC21-4F49-B493-B5889A85A3E8}"
EndProject
Project("{FAE04EC0-301F-11D3-BF4B-00C04F79EFBC}") = "WineStoreShared", "WineStoreShared\WineStoreShared.csproj", "{712A28C0-A29E-4C2F-82C3-459E2B3BACF1}"
EndProject
Global
	GlobalSection(SolutionConfigurationPlatforms) = preSolution
		Debug|Any CPU = Debug|Any CPU
		Release|Any CPU = Release|Any CPU
	EndGlobalSection
	GlobalSection(ProjectConfigurationPlatforms) = postSolution
		{BE861A6D-5FE1-4227-B03E-C794FB7D485A}.Debug|Any CPU.ActiveCfg = Debug|Any CPU
		{BE861A6D-5FE1-4227-B03E-C794FB7D485A}.Debug|Any CPU.Build.0 = Debug|Any CPU
		{BE861A6D-5FE1-4227-B03E-C794FB7D485A}.Release|Any CPU.ActiveCfg = Release|Any CPU
		{BE861A6D-5FE1-4227-B03E-C794FB7D485A}.Release|Any CPU.Build.0 = Release|Any CPU
		{B709E54A-795C-464A-8E77-EF512E870314}.Debug|Any CPU.ActiveCfg = Debug|Any CPU
		{B709E54A-795C-464A-8E77-EF512E870314}.Debug|Any CPU.Build.0 = Debug|Any CPU
		{B709E54A-795C-464A-8E77-EF512E870314}.Release|Any CPU.ActiveCfg = Release|Any CPU
		{B709E54A-795C-464A-8E77-EF512E870314}.Release|Any CPU.Build.0 = Release|Any CPU
		{4CBB868B-07AA-4ED9-B5D0-CD562E22E85B}.Debug|Any CPU.ActiveCfg = Debug|Any CPU
		{4CBB868B-07AA-4ED9-B5D0-CD562E22E85B}.Debug|Any CPU.Build.0 = Debug|Any CPU
		{4CBB868B-07AA-4ED9-B5D0-CD562E22E85B}.Release|Any CPU.ActiveCfg = Release|Any CPU
		{4CBB868B-07AA-4ED9-B5D0-CD562E22E85B}.Release|Any CPU.Build.0 = Release|Any CPU
		{63B93678-E86F-4AA5-9485-221C40DAB654}.Debug|Any CPU.ActiveCfg = Debug|Any CPU
		{63B93678-E86F-4AA5-9485-221C40DAB654}.Debug|Any CPU.Build.0 = Debug|Any CPU
		{63B93678-E86F-4AA5-9485-221C40DAB654}.Release|Any CPU.ActiveCfg = Release|Any CPU
		{63B93678-E86F-4AA5-9485-221C40DAB654}.Release|Any CPU.Build.0 = Release|Any CPU
		{AA5FBC94-EC21-4F49-B493-B5889A85A3E8}.Debug|Any CPU.ActiveCfg = Debug|Any CPU
		{AA5FBC94-EC21-4F49-B493-B5889A85A3E8}.Debug|Any CPU.Build.0 = Debug|Any CPU
		{AA5FBC94-EC21-4F49-B493-B5889A85A3E8}.Release|Any CPU.ActiveCfg = Release|Any CPU
		{AA5FBC94-EC21-4F49-B493-B5889A85A3E8}.Release|Any CPU.Build.0 = Release|Any CPU
		{712A28C0-A29E-4C2F-82C3-459E2B3BACF1}.Debug|Any CPU.ActiveCfg = Debug|Any CPU
		{712A28C0-A29E-4C2F-82C3-459E2B3BACF1}.Debug|Any CPU.Build.0 = Debug|Any CPU
		{712A28C0-A29E-4C2F-82C3-459E2B3BACF1}.Release|Any CPU.ActiveCfg = Release|Any CPU
		{712A28C0-A29E-4C2F-82C3-459E2B3BACF1}.Release|Any CPU.Build.0 = Release|Any CPU
	EndGlobalSection
	GlobalSection(SolutionProperties) = preSolution
		HideSolutionNode = FALSE
	EndGlobalSection
	GlobalSection(ExtensibilityGlobals) = postSolution
		SolutionGuid = {C95C0FBE-F4BC-400C-A2C1-1C67D8FEA52B}
	EndGlobalSection
EndGlobal
